
Microsoft Visual Studio Solution File, Format Version 12.00
# Visual Studio 15
VisualStudioVersion = 15.0.27130.2020
MinimumVisualStudioVersion = 10.0.40219.1
Project("{FAE04EC0-301F-11D3-BF4B-00C04F79EFBC}") = "CS_Bankautomat", "CS_Bankautomat\CS_Bankautomat.csproj", "{822DCF75-D862-4E28-83DE-29A2095FFE57}"
EndProject
Global
	GlobalSection(SolutionConfigurationPlatforms) = preSolution
		Debug|Any CPU = Debug|Any CPU
		Release|Any CPU = Release|Any CPU
	EndGlobalSection
	GlobalSection(ProjectConfigurationPlatforms) = postSolution
		{822DCF75-D862-4E28-83DE-29A2095FFE57}.Debug|Any CPU.ActiveCfg = Debug|Any CPU
		{822DCF75-D862-4E28-83DE-29A2095FFE57}.Debug|Any CPU.Build.0 = Debug|Any CPU
		{822DCF75-D862-4E28-83DE-29A2095FFE57}.Release|Any CPU.ActiveCfg = Release|Any CPU
		{822DCF75-D862-4E28-83DE-29A2095FFE57}.Release|Any CPU.Build.0 = Release|Any CPU
	EndGlobalSection
	GlobalSection(SolutionProperties) = preSolution
		HideSolutionNode = FALSE
	EndGlobalSection
	GlobalSection(ExtensibilityGlobals) = postSolution
		SolutionGuid = {EF9FE927-682F-4779-AA3E-DB54092B3D2E}
	EndGlobalSection
EndGlobal
